// !$*UTF8*$!
{
	archiveVersion = 1;
	classes = {
	};
	objectVersion = 77;
	objects = {

/* Begin PBXContainerItemProxy section */
		F29877992E41285100858EFC /* PBXContainerItemProxy */ = {
			isa = PBXContainerItemProxy;
			containerPortal = F29877832E41284F00858EFC /* Project object */;
			proxyType = 1;
			remoteGlobalIDString = F298778A2E41284F00858EFC;
			remoteInfo = MusicPlayerServiceDemo;
		};
		F29877A32E41285100858EFC /* PBXContainerItemProxy */ = {
			isa = PBXContainerItemProxy;
			containerPortal = F29877832E41284F00858EFC /* Project object */;
			proxyType = 1;
			remoteGlobalIDString = F298778A2E41284F00858EFC;
			remoteInfo = MusicPlayerServiceDemo;
		};
/* End PBXContainerItemProxy section */

/* Begin PBXFileReference section */
		F298778B2E41284F00858EFC /* MusicPlayerServiceDemo.app */ = {isa = PBXFileReference; explicitFileType = wrapper.application; includeInIndex = 0; path = MusicPlayerServiceDemo.app; sourceTree = BUILT_PRODUCTS_DIR; };
		F29877982E41285100858EFC /* MusicPlayerServiceDemoTests.xctest */ = {isa = PBXFileReference; explicitFileType = wrapper.cfbundle; includeInIndex = 0; path = MusicPlayerServiceDemoTests.xctest; sourceTree = BUILT_PRODUCTS_DIR; };
		F29877A22E41285100858EFC /* MusicPlayerServiceDemoUITests.xctest */ = {isa = PBXFileReference; explicitFileType = wrapper.cfbundle; includeInIndex = 0; path = MusicPlayerServiceDemoUITests.xctest; sourceTree = BUILT_PRODUCTS_DIR; };
/* End PBXFileReference section */

/* Begin PBXFileSystemSynchronizedRootGroup section */
		F298778D2E41284F00858EFC /* MusicPlayerServiceDemo */ = {
			isa = PBXFileSystemSynchronizedRootGroup;
			path = MusicPlayerServiceDemo;
			sourceTree = "<group>";
		};
		F298779B2E41285100858EFC /* MusicPlayerServiceDemoTests */ = {
			isa = PBXFileSystemSynchronizedRootGroup;
			path = MusicPlayerServiceDemoTests;
			sourceTree = "<group>";
		};
		F29877A52E41285100858EFC /* MusicPlayerServiceDemoUITests */ = {
			isa = PBXFileSystemSynchronizedRootGroup;
			path = MusicPlayerServiceDemoUITests;
			sourceTree = "<group>";
		};
/* End PBXFileSystemSynchronizedRootGroup section */

/* Begin PBXFrameworksBuildPhase section */
		F29877882E41284F00858EFC /* Frameworks */ = {
			isa = PBXFrameworksBuildPhase;
			buildActionMask = 2147483647;
			files = (
			);
			runOnlyForDeploymentPostprocessing = 0;
		};
		F29877952E41285100858EFC /* Frameworks */ = {
			isa = PBXFrameworksBuildPhase;
			buildActionMask = 2147483647;
			files = (
			);
			runOnlyForDeploymentPostprocessing = 0;
		};
		F298779F2E41285100858EFC /* Frameworks */ = {
			isa = PBXFrameworksBuildPhase;
			buildActionMask = 2147483647;
			files = (
			);
			runOnlyForDeploymentPostprocessing = 0;
		};
/* End PBXFrameworksBuildPhase section */

/* Begin PBXGroup section */
		F29877822E41284F00858EFC = {
			isa = PBXGroup;
			children = (
				F298778D2E41284F00858EFC /* MusicPlayerServiceDemo */,
				F298779B2E41285100858EFC /* MusicPlayerServiceDemoTests */,
				F29877A52E41285100858EFC /* MusicPlayerServiceDemoUITests */,
				F298778C2E41284F00858EFC /* Products */,
			);
			sourceTree = "<group>";
		};
		F298778C2E41284F00858EFC /* Products */ = {
			isa = PBXGroup;
			children = (
				F298778B2E41284F00858EFC /* MusicPlayerServiceDemo.app */,
				F29877982E41285100858EFC /* MusicPlayerServiceDemoTests.xctest */,
				F29877A22E41285100858EFC /* MusicPlayerServiceDemoUITests.xctest */,
			);
			name = Products;
			sourceTree = "<group>";
		};
/* End PBXGroup section */

/* Begin PBXNativeTarget section */
		F298778A2E41284F00858EFC /* MusicPlayerServiceDemo */ = {
			isa = PBXNativeTarget;
			buildConfigurationList = F29877AC2E41285100858EFC /* Build configuration list for PBXNativeTarget "MusicPlayerServiceDemo" */;
			buildPhases = (
				F29877872E41284F00858EFC /* Sources */,
				F29877882E41284F00858EFC /* Frameworks */,
				F29877892E41284F00858EFC /* Resources */,
			);
			buildRules = (
			);
			dependencies = (
			);
			fileSystemSynchronizedGroups = (
				F298778D2E41284F00858EFC /* MusicPlayerServiceDemo */,
			);
			name = MusicPlayerServiceDemo;
			packageProductDependencies = (
			);
			productName = MusicPlayerServiceDemo;
			productReference = F298778B2E41284F00858EFC /* MusicPlayerServiceDemo.app */;
			productType = "com.apple.product-type.application";
		};
		F29877972E41285100858EFC /* MusicPlayerServiceDemoTests */ = {
			isa = PBXNativeTarget;
			buildConfigurationList = F29877AF2E41285100858EFC /* Build configuration list for PBXNativeTarget "MusicPlayerServiceDemoTests" */;
			buildPhases = (
				F29877942E41285100858EFC /* Sources */,
				F29877952E41285100858EFC /* Frameworks */,
				F29877962E41285100858EFC /* Resources */,
			);
			buildRules = (
			);
			dependencies = (
				F298779A2E41285100858EFC /* PBXTargetDependency */,
			);
			fileSystemSynchronizedGroups = (
				F298779B2E41285100858EFC /* MusicPlayerServiceDemoTests */,
			);
			name = MusicPlayerServiceDemoTests;
			packageProductDependencies = (
			);
			productName = MusicPlayerServiceDemoTests;
			productReference = F29877982E41285100858EFC /* MusicPlayerServiceDemoTests.xctest */;
			productType = "com.apple.product-type.bundle.unit-test";
		};
		F29877A12E41285100858EFC /* MusicPlayerServiceDemoUITests */ = {
			isa = PBXNativeTarget;
			buildConfigurationList = F29877B22E41285100858EFC /* Build configuration list for PBXNativeTarget "MusicPlayerServiceDemoUITests" */;
			buildPhases = (
				F298779E2E41285100858EFC /* Sources */,
				F298779F2E41285100858EFC /* Frameworks */,
				F29877A02E41285100858EFC /* Resources */,
			);
			buildRules = (
			);
			dependencies = (
				F29877A42E41285100858EFC /* PBXTargetDependency */,
			);
			fileSystemSynchronizedGroups = (
				F29877A52E41285100858EFC /* MusicPlayerServiceDemoUITests */,
			);
			name = MusicPlayerServiceDemoUITests;
			packageProductDependencies = (
			);
			productName = MusicPlayerServiceDemoUITests;
			productReference = F29877A22E41285100858EFC /* MusicPlayerServiceDemoUITests.xctest */;
			productType = "com.apple.product-type.bundle.ui-testing";
		};
/* End PBXNativeTarget section */

/* Begin PBXProject section */
		F29877832E41284F00858EFC /* Project object */ = {
			isa = PBXProject;
			attributes = {
				BuildIndependentTargetsInParallel = 1;
				LastSwiftUpdateCheck = 1640;
				LastUpgradeCheck = 1640;
				TargetAttributes = {
					F298778A2E41284F00858EFC = {
						CreatedOnToolsVersion = 16.4;
					};
					F29877972E41285100858EFC = {
						CreatedOnToolsVersion = 16.4;
						TestTargetID = F298778A2E41284F00858EFC;
					};
					F29877A12E41285100858EFC = {
						CreatedOnToolsVersion = 16.4;
						TestTargetID = F298778A2E41284F00858EFC;
					};
				};
			};
			buildConfigurationList = F29877862E41284F00858EFC /* Build configuration list for PBXProject "MusicPlayerServiceDemo" */;
			developmentRegion = en;
			hasScannedForEncodings = 0;
			knownRegions = (
				en,
				Base,
			);
			mainGroup = F29877822E41284F00858EFC;
			minimizedProjectReferenceProxies = 1;
			preferredProjectObjectVersion = 77;
			productRefGroup = F298778C2E41284F00858EFC /* Products */;
			projectDirPath = "";
			projectRoot = "";
			targets = (
				F298778A2E41284F00858EFC /* MusicPlayerServiceDemo */,
				F29877972E41285100858EFC /* MusicPlayerServiceDemoTests */,
				F29877A12E41285100858EFC /* MusicPlayerServiceDemoUITests */,
			);
		};
/* End PBXProject section */

/* Begin PBXResourcesBuildPhase section */
		F29877892E41284F00858EFC /* Resources */ = {
			isa = PBXResourcesBuildPhase;
			buildActionMask = 2147483647;
			files = (
			);
			runOnlyForDeploymentPostprocessing = 0;
		};
		F29877962E41285100858EFC /* Resources */ = {
			isa = PBXResourcesBuildPhase;
			buildActionMask = 2147483647;
			files = (
			);
			runOnlyForDeploymentPostprocessing = 0;
		};
		F29877A02E41285100858EFC /* Resources */ = {
			isa = PBXResourcesBuildPhase;
			buildActionMask = 2147483647;
			files = (
			);
			runOnlyForDeploymentPostprocessing = 0;
		};
/* End PBXResourcesBuildPhase section */

/* Begin PBXSourcesBuildPhase section */
		F29877872E41284F00858EFC /* Sources */ = {
			isa = PBXSourcesBuildPhase;
			buildActionMask = 2147483647;
			files = (
			);
			runOnlyForDeploymentPostprocessing = 0;
		};
		F29877942E41285100858EFC /* Sources */ = {
			isa = PBXSourcesBuildPhase;
			buildActionMask = 2147483647;
			files = (
			);
			runOnlyForDeploymentPostprocessing = 0;
		};
		F298779E2E41285100858EFC /* Sources */ = {
			isa = PBXSourcesBuildPhase;
			buildActionMask = 2147483647;
			files = (
			);
			runOnlyForDeploymentPostprocessing = 0;
		};
/* End PBXSourcesBuildPhase section */

/* Begin PBXTargetDependency section */
		F298779A2E41285100858EFC /* PBXTargetDependency */ = {
			isa = PBXTargetDependency;
			target = F298778A2E41284F00858EFC /* MusicPlayerServiceDemo */;
			targetProxy = F29877992E41285100858EFC /* PBXContainerItemProxy */;
		};
		F29877A42E41285100858EFC /* PBXTargetDependency */ = {
			isa = PBXTargetDependency;
			target = F298778A2E41284F00858EFC /* MusicPlayerServiceDemo */;
			targetProxy = F29877A32E41285100858EFC /* PBXContainerItemProxy */;
		};
/* End PBXTargetDependency section */

/* Begin XCBuildConfiguration section */
		F29877AA2E41285100858EFC /* Debug */ = {
			isa = XCBuildConfiguration;
			buildSettings = {
				ALWAYS_SEARCH_USER_PATHS = NO;
				ASSETCATALOG_COMPILER_GENERATE_SWIFT_ASSET_SYMBOL_EXTENSIONS = YES;
				CLANG_ANALYZER_NONNULL = YES;
				CLANG_ANALYZER_NUMBER_OBJECT_CONVERSION = YES_AGGRESSIVE;
				CLANG_CXX_LANGUAGE_STANDARD = "gnu++20";
				CLANG_ENABLE_MODULES = YES;
				CLANG_ENABLE_OBJC_ARC = YES;
				CLANG_ENABLE_OBJC_WEAK = YES;
				CLANG_WARN_BLOCK_CAPTURE_AUTORELEASING = YES;
				CLANG_WARN_BOOL_CONVERSION = YES;
				CLANG_WARN_COMMA = YES;
				CLANG_WARN_CONSTANT_CONVERSION = YES;
				CLANG_WARN_DEPRECATED_OBJC_IMPLEMENTATIONS = YES;
				CLANG_WARN_DIRECT_OBJC_ISA_USAGE = YES_ERROR;
				CLANG_WARN_DOCUMENTATION_COMMENTS = YES;
				CLANG_WARN_EMPTY_BODY = YES;
				CLANG_WARN_ENUM_CONVERSION = YES;
				CLANG_WARN_INFINITE_RECURSION = YES;
				CLANG_WARN_INT_CONVERSION = YES;
				CLANG_WARN_NON_LITERAL_NULL_CONVERSION = YES;
				CLANG_WARN_OBJC_IMPLICIT_RETAIN_SELF = YES;
				CLANG_WARN_OBJC_LITERAL_CONVERSION = YES;
				CLANG_WARN_OBJC_ROOT_CLASS = YES_ERROR;
				CLANG_WARN_QUOTED_INCLUDE_IN_FRAMEWORK_HEADER = YES;
				CLANG_WARN_RANGE_LOOP_ANALYSIS = YES;
				CLANG_WARN_STRICT_PROTOTYPES = YES;
				CLANG_WARN_SUSPICIOUS_MOVE = YES;
				CLANG_WARN_UNGUARDED_AVAILABILITY = YES_AGGRESSIVE;
				CLANG_WARN_UNREACHABLE_CODE = YES;
				CLANG_WARN__DUPLICATE_METHOD_MATCH = YES;
				COPY_PHASE_STRIP = NO;
				DEBUG_INFORMATION_FORMAT = dwarf;
				ENABLE_STRICT_OBJC_MSGSEND = YES;
				ENABLE_TESTABILITY = YES;
				ENABLE_USER_SCRIPT_SANDBOXING = YES;
				GCC_C_LANGUAGE_STANDARD = gnu17;
				GCC_DYNAMIC_NO_PIC = NO;
				GCC_NO_COMMON_BLOCKS = YES;
				GCC_OPTIMIZATION_LEVEL = 0;
				GCC_PREPROCESSOR_DEFINITIONS = (
					"DEBUG=1",
					"$(inherited)",
				);
				GCC_WARN_64_TO_32_BIT_CONVERSION = YES;
				GCC_WARN_ABOUT_RETURN_TYPE = YES_ERROR;
				GCC_WARN_UNDECLARED_SELECTOR = YES;
				GCC_WARN_UNINITIALIZED_AUTOS = YES_AGGRESSIVE;
				GCC_WARN_UNUSED_FUNCTION = YES;
				GCC_WARN_UNUSED_VARIABLE = YES;
				IPHONEOS_DEPLOYMENT_TARGET = 18.5;
				LOCALIZATION_PREFERS_STRING_CATALOGS = YES;
				MTL_ENABLE_DEBUG_INFO = INCLUDE_SOURCE;
				MTL_FAST_MATH = YES;
				ONLY_ACTIVE_ARCH = YES;
				SDKROOT = iphoneos;
				SWIFT_ACTIVE_COMPILATION_CONDITIONS = "DEBUG $(inherited)";
				SWIFT_OPTIMIZATION_LEVEL = "-Onone";
			};
			name = Debug;
		};
		F29877AB2E41285100858EFC /* Release */ = {
			isa = XCBuildConfiguration;
			buildSettings = {
				ALWAYS_SEARCH_USER_PATHS = NO;
				ASSETCATALOG_COMPILER_GENERATE_SWIFT_ASSET_SYMBOL_EXTENSIONS = YES;
				CLANG_ANALYZER_NONNULL = YES;
				CLANG_ANALYZER_NUMBER_OBJECT_CONVERSION = YES_AGGRESSIVE;
				CLANG_CXX_LANGUAGE_STANDARD = "gnu++20";
				CLANG_ENABLE_MODULES = YES;
				CLANG_ENABLE_OBJC_ARC = YES;
				CLANG_ENABLE_OBJC_WEAK = YES;
				CLANG_WARN_BLOCK_CAPTURE_AUTORELEASING = YES;
				CLANG_WARN_BOOL_CONVERSION = YES;
				CLANG_WARN_COMMA = YES;
				CLANG_WARN_CONSTANT_CONVERSION = YES;
				CLANG_WARN_DEPRECATED_OBJC_IMPLEMENTATIONS = YES;
				CLANG_WARN_DIRECT_OBJC_ISA_USAGE = YES_ERROR;
				CLANG_WARN_DOCUMENTATION_COMMENTS = YES;
				CLANG_WARN_EMPTY_BODY = YES;
				CLANG_WARN_ENUM_CONVERSION = YES;
				CLANG_WARN_INFINITE_RECURSION = YES;
				CLANG_WARN_INT_CONVERSION = YES;
				CLANG_WARN_NON_LITERAL_NULL_CONVERSION = YES;
				CLANG_WARN_OBJC_IMPLICIT_RETAIN_SELF = YES;
				CLANG_WARN_OBJC_LITERAL_CONVERSION = YES;
				CLANG_WARN_OBJC_ROOT_CLASS = YES_ERROR;
				CLANG_WARN_QUOTED_INCLUDE_IN_FRAMEWORK_HEADER = YES;
				CLANG_WARN_RANGE_LOOP_ANALYSIS = YES;
				CLANG_WARN_STRICT_PROTOTYPES = YES;
				CLANG_WARN_SUSPICIOUS_MOVE = YES;
				CLANG_WARN_UNGUARDED_AVAILABILITY = YES_AGGRESSIVE;
				CLANG_WARN_UNREACHABLE_CODE = YES;
				CLANG_WARN__DUPLICATE_METHOD_MATCH = YES;
				COPY_PHASE_STRIP = NO;
				DEBUG_INFORMATION_FORMAT = "dwarf-with-dsym";
				ENABLE_NS_ASSERTIONS = NO;
				ENABLE_STRICT_OBJC_MSGSEND = YES;
				ENABLE_USER_SCRIPT_SANDBOXING = YES;
				GCC_C_LANGUAGE_STANDARD = gnu17;
				GCC_NO_COMMON_BLOCKS = YES;
				GCC_WARN_64_TO_32_BIT_CONVERSION = YES;
				GCC_WARN_ABOUT_RETURN_TYPE = YES_ERROR;
				GCC_WARN_UNDECLARED_SELECTOR = YES;
				GCC_WARN_UNINITIALIZED_AUTOS = YES_AGGRESSIVE;
				GCC_WARN_UNUSED_FUNCTION = YES;
				GCC_WARN_UNUSED_VARIABLE = YES;
				IPHONEOS_DEPLOYMENT_TARGET = 18.5;
				LOCALIZATION_PREFERS_STRING_CATALOGS = YES;
				MTL_ENABLE_DEBUG_INFO = NO;
				MTL_FAST_MATH = YES;
				SDKROOT = iphoneos;
				SWIFT_COMPILATION_MODE = wholemodule;
				VALIDATE_PRODUCT = YES;
			};
			name = Release;
		};
		F29877AD2E41285100858EFC /* Debug */ = {
			isa = XCBuildConfiguration;
			buildSettings = {
				ASSETCATALOG_COMPILER_APPICON_NAME = AppIcon;
				ASSETCATALOG_COMPILER_GLOBAL_ACCENT_COLOR_NAME = AccentColor;
				CODE_SIGN_STYLE = Automatic;
				CURRENT_PROJECT_VERSION = 1;
				ENABLE_PREVIEWS = YES;
				GENERATE_INFOPLIST_FILE = YES;
				INFOPLIST_KEY_UIApplicationSceneManifest_Generation = YES;
				INFOPLIST_KEY_UIApplicationSupportsIndirectInputEvents = YES;
				INFOPLIST_KEY_UILaunchScreen_Generation = YES;
				INFOPLIST_KEY_UISupportedInterfaceOrientations_iPad = "UIInterfaceOrientationPortrait UIInterfaceOrientationPortraitUpsideDown UIInterfaceOrientationLandscapeLeft UIInterfaceOrientationLandscapeRight";
				INFOPLIST_KEY_UISupportedInterfaceOrientations_iPhone = "UIInterfaceOrientationPortrait UIInterfaceOrientationLandscapeLeft UIInterfaceOrientationLandscapeRight";
				LD_RUNPATH_SEARCH_PATHS = (
					"$(inherited)",
					"@executable_path/Frameworks",
				);
				MARKETING_VERSION = 1.0;
				PRODUCT_BUNDLE_IDENTIFIER = ios.MusicPlayerServiceDemo;
				PRODUCT_NAME = "$(TARGET_NAME)";
				SWIFT_EMIT_LOC_STRINGS = YES;
				SWIFT_VERSION = 5.0;
				TARGETED_DEVICE_FAMILY = "1,2";
			};
			name = Debug;
		};
		F29877AE2E41285100858EFC /* Release */ = {
			isa = XCBuildConfiguration;
			buildSettings = {
				ASSETCATALOG_COMPILER_APPICON_NAME = AppIcon;
				ASSETCATALOG_COMPILER_GLOBAL_ACCENT_COLOR_NAME = AccentColor;
				CODE_SIGN_STYLE = Automatic;
				CURRENT_PROJECT_VERSION = 1;
				ENABLE_PREVIEWS = YES;
				GENERATE_INFOPLIST_FILE = YES;
				INFOPLIST_KEY_UIApplicationSceneManifest_Generation = YES;
				INFOPLIST_KEY_UIApplicationSupportsIndirectInputEvents = YES;
				INFOPLIST_KEY_UILaunchScreen_Generation = YES;
				INFOPLIST_KEY_UISupportedInterfaceOrientations_iPad = "UIInterfaceOrientationPortrait UIInterfaceOrientationPortraitUpsideDown UIInterfaceOrientationLandscapeLeft UIInterfaceOrientationLandscapeRight";
				INFOPLIST_KEY_UISupportedInterfaceOrientations_iPhone = "UIInterfaceOrientationPortrait UIInterfaceOrientationLandscapeLeft UIInterfaceOrientationLandscapeRight";
				LD_RUNPATH_SEARCH_PATHS = (
					"$(inherited)",
					"@executable_path/Frameworks",
				);
				MARKETING_VERSION = 1.0;
				PRODUCT_BUNDLE_IDENTIFIER = ios.MusicPlayerServiceDemo;
				PRODUCT_NAME = "$(TARGET_NAME)";
				SWIFT_EMIT_LOC_STRINGS = YES;
				SWIFT_VERSION = 5.0;
				TARGETED_DEVICE_FAMILY = "1,2";
			};
			name = Release;
		};
		F29877B02E41285100858EFC /* Debug */ = {
			isa = XCBuildConfiguration;
			buildSettings = {
				BUNDLE_LOADER = "$(TEST_HOST)";
				CODE_SIGN_STYLE = Automatic;
				CURRENT_PROJECT_VERSION = 1;
				GENERATE_INFOPLIST_FILE = YES;
				IPHONEOS_DEPLOYMENT_TARGET = 18.5;
				MARKETING_VERSION = 1.0;
				PRODUCT_BUNDLE_IDENTIFIER = ios.MusicPlayerServiceDemoTests;
				PRODUCT_NAME = "$(TARGET_NAME)";
				SWIFT_EMIT_LOC_STRINGS = NO;
				SWIFT_VERSION = 5.0;
				TARGETED_DEVICE_FAMILY = "1,2";
				TEST_HOST = "$(BUILT_PRODUCTS_DIR)/MusicPlayerServiceDemo.app/$(BUNDLE_EXECUTABLE_FOLDER_PATH)/MusicPlayerServiceDemo";
			};
			name = Debug;
		};
		F29877B12E41285100858EFC /* Release */ = {
			isa = XCBuildConfiguration;
			buildSettings = {
				BUNDLE_LOADER = "$(TEST_HOST)";
				CODE_SIGN_STYLE = Automatic;
				CURRENT_PROJECT_VERSION = 1;
				GENERATE_INFOPLIST_FILE = YES;
				IPHONEOS_DEPLOYMENT_TARGET = 18.5;
				MARKETING_VERSION = 1.0;
				PRODUCT_BUNDLE_IDENTIFIER = ios.MusicPlayerServiceDemoTests;
				PRODUCT_NAME = "$(TARGET_NAME)";
				SWIFT_EMIT_LOC_STRINGS = NO;
				SWIFT_VERSION = 5.0;
				TARGETED_DEVICE_FAMILY = "1,2";
				TEST_HOST = "$(BUILT_PRODUCTS_DIR)/MusicPlayerServiceDemo.app/$(BUNDLE_EXECUTABLE_FOLDER_PATH)/MusicPlayerServiceDemo";
			};
			name = Release;
		};
		F29877B32E41285100858EFC /* Debug */ = {
			isa = XCBuildConfiguration;
			buildSettings = {
				CODE_SIGN_STYLE = Automatic;
				CURRENT_PROJECT_VERSION = 1;
				GENERATE_INFOPLIST_FILE = YES;
				MARKETING_VERSION = 1.0;
				PRODUCT_BUNDLE_IDENTIFIER = ios.MusicPlayerServiceDemoUITests;
				PRODUCT_NAME = "$(TARGET_NAME)";
				SWIFT_EMIT_LOC_STRINGS = NO;
				SWIFT_VERSION = 5.0;
				TARGETED_DEVICE_FAMILY = "1,2";
				TEST_TARGET_NAME = MusicPlayerServiceDemo;
			};
			name = Debug;
		};
		F29877B42E41285100858EFC /* Release */ = {
			isa = XCBuildConfiguration;
			buildSettings = {
				CODE_SIGN_STYLE = Automatic;
				CURRENT_PROJECT_VERSION = 1;
				GENERATE_INFOPLIST_FILE = YES;
				MARKETING_VERSION = 1.0;
				PRODUCT_BUNDLE_IDENTIFIER = ios.MusicPlayerServiceDemoUITests;
				PRODUCT_NAME = "$(TARGET_NAME)";
				SWIFT_EMIT_LOC_STRINGS = NO;
				SWIFT_VERSION = 5.0;
				TARGETED_DEVICE_FAMILY = "1,2";
				TEST_TARGET_NAME = MusicPlayerServiceDemo;
			};
			name = Release;
		};
/* End XCBuildConfiguration section */

/* Begin XCConfigurationList section */
		F29877862E41284F00858EFC /* Build configuration list for PBXProject "MusicPlayerServiceDemo" */ = {
			isa = XCConfigurationList;
			buildConfigurations = (
				F29877AA2E41285100858EFC /* Debug */,
				F29877AB2E41285100858EFC /* Release */,
			);
			defaultConfigurationIsVisible = 0;
			defaultConfigurationName = Release;
		};
		F29877AC2E41285100858EFC /* Build configuration list for PBXNativeTarget "MusicPlayerServiceDemo" */ = {
			isa = XCConfigurationList;
			buildConfigurations = (
				F29877AD2E41285100858EFC /* Debug */,
				F29877AE2E41285100858EFC /* Release */,
			);
			defaultConfigurationIsVisible = 0;
			defaultConfigurationName = Release;
		};
		F29877AF2E41285100858EFC /* Build configuration list for PBXNativeTarget "MusicPlayerServiceDemoTests" */ = {
			isa = XCConfigurationList;
			buildConfigurations = (
				F29877B02E41285100858EFC /* Debug */,
				F29877B12E41285100858EFC /* Release */,
			);
			defaultConfigurationIsVisible = 0;
			defaultConfigurationName = Release;
		};
		F29877B22E41285100858EFC /* Build configuration list for PBXNativeTarget "MusicPlayerServiceDemoUITests" */ = {
			isa = XCConfigurationList;
			buildConfigurations = (
				F29877B32E41285100858EFC /* Debug */,
				F29877B42E41285100858EFC /* Release */,
			);
			defaultConfigurationIsVisible = 0;
			defaultConfigurationName = Release;
		};
/* End XCConfigurationList section */
	};
	rootObject = F29877832E41284F00858EFC /* Project object */;
}
